# This file is automatically @generated by Poetry 1.8.3 and should not be changed by hand.

[[package]]
name = "networkx"
version = "3.4.2"
description = "Python package for creating and manipulating graphs and networks"
optional = false
python-versions = ">=3.10"
files = [
    {file = "networkx-3.4.2-py3-none-any.whl", hash = "sha256:df5d4365b724cf81b8c6a7312509d0c22386097011ad1abe274afd5e9d3bbc5f"},
    {file = "networkx-3.4.2.tar.gz", hash = "sha256:307c3669428c5362aab27c8a1260aa8f47c4e91d3891f48be0141738d8d053e1"},
]

[package.extras]
default = ["matplotlib (>=3.7)", "numpy (>=1.24)", "pandas (>=2.0)", "scipy (>=1.10,!=1.11.0,!=1.11.1)"]
developer = ["changelist (==0.5)", "mypy (>=1.1)", "pre-commit (>=3.2)", "rtoml"]
doc = ["intersphinx-registry", "myst-nb (>=1.1)", "numpydoc (>=1.8.0)", "pillow (>=9.4)", "pydata-sphinx-theme (>=0.15)", "sphinx (>=7.3)", "sphinx-gallery (>=0.16)", "texext (>=0.6.7)"]
example = ["cairocffi (>=1.7)", "contextily (>=1.6)", "igraph (>=0.11)", "momepy (>=0.7.2)", "osmnx (>=1.9)", "scikit-learn (>=1.5)", "seaborn (>=0.13)"]
extra = ["lxml (>=4.6)", "pydot (>=3.0.1)", "pygraphviz (>=1.14)", "sympy (>=1.10)"]
test = ["pytest (>=7.2)", "pytest-cov (>=4.0)"]

[[package]]
name = "pyparsing"
version = "3.2.2"
description = "pyparsing module - Classes and methods to define and execute parsing grammars"
optional = false
python-versions = ">=3.9"
files = [
    {file = "pyparsing-3.2.2-py3-none-any.whl", hash = "sha256:6ab05e1cb111cc72acc8ed811a3ca4c2be2af8d7b6df324347f04fd057d8d793"},
    {file = "pyparsing-3.2.2.tar.gz", hash = "sha256:2a857aee851f113c2de9d4bfd9061baea478cb0f1c7ca6cbf594942d6d111575"},
]

[package.extras]
diagrams = ["jinja2", "railroad-diagrams"]

[[package]]
name = "rdflib"
version = "7.1.3"
description = "RDFLib is a Python library for working with RDF, a simple yet powerful language for representing information."
optional = false
python-versions = "<4.0.0,>=3.8.1"
files = [
    {file = "rdflib-7.1.3-py3-none-any.whl", hash = "sha256:5402310a9f0f3c07d453d73fd0ad6ba35616286fe95d3670db2b725f3f539673"},
    {file = "rdflib-7.1.3.tar.gz", hash = "sha256:f3dcb4c106a8cd9e060d92f43d593d09ebc3d07adc244f4c7315856a12e383ee"},
]

[package.dependencies]
pyparsing = ">=2.1.0,<4"

[package.extras]
berkeleydb = ["berkeleydb (>=18.1.0,<19.0.0)"]
html = ["html5rdf (>=1.2,<2)"]
lxml = ["lxml (>=4.3,<6.0)"]
networkx = ["networkx (>=2,<4)"]
orjson = ["orjson (>=3.9.14,<4)"]

[metadata]
lock-version = "2.0"
python-versions = ">=3.12,<4.0"
content-hash = "0687ca1a58e35e444f9d0c1c3658e23be2618082c2ab8cd4d8895750803de66a"
